// !$*UTF8*$!
{
	archiveVersion = 1;
	classes = {
	};
	objectVersion = 50;
	objects = {

/* Begin PBXBuildFile section */
		BDA938A1210D79480090D97D /* AppDelegate.swift in Sources */ = {isa = PBXBuildFile; fileRef = BDA938A0210D79480090D97D /* AppDelegate.swift */; };
		BDA938A3210D79480090D97D /* EditViewController.swift in Sources */ = {isa = PBXBuildFile; fileRef = BDA938A2210D79480090D97D /* EditViewController.swift */; };
		BDA938A6210D79480090D97D /* Main.storyboard in Resources */ = {isa = PBXBuildFile; fileRef = BDA938A4210D79480090D97D /* Main.storyboard */; };
		BDA938AB210D79490090D97D /* Assets.xcassets in Resources */ = {isa = PBXBuildFile; fileRef = BDA938AA210D79490090D97D /* Assets.xcassets */; };
		BDA938AE210D79490090D97D /* LaunchScreen.storyboard in Resources */ = {isa = PBXBuildFile; fileRef = BDA938AC210D79490090D97D /* LaunchScreen.storyboard */; };
		BDB120FB212CE8EE003D7467 /* DetailsViewController.swift in Sources */ = {isa = PBXBuildFile; fileRef = BDB120FA212CE8EE003D7467 /* DetailsViewController.swift */; };
		BDB120FD212CE95D003D7467 /* MasterTableViewController.swift in Sources */ = {isa = PBXBuildFile; fileRef = BDB120FC212CE95D003D7467 /* MasterTableViewController.swift */; };
		BDB655672118A8FB00C88428 /* AddViewController.swift in Sources */ = {isa = PBXBuildFile; fileRef = BDB655662118A8FB00C88428 /* AddViewController.swift */; };
		BDBE0280212F11B4007038BA /* BookList.xcdatamodeld in Sources */ = {isa = PBXBuildFile; fileRef = BDBE027E212F11B4007038BA /* BookList.xcdatamodeld */; };
		BDBE0282212F1CC4007038BA /* Picker.swift in Sources */ = {isa = PBXBuildFile; fileRef = BDBE0281212F1CC4007038BA /* Picker.swift */; };
		BDBE0284212F21AE007038BA /* Float+Rounding.swift in Sources */ = {isa = PBXBuildFile; fileRef = BDBE0283212F21AE007038BA /* Float+Rounding.swift */; };
/* End PBXBuildFile section */

/* Begin PBXFileReference section */
		BDA9389D210D79480090D97D /* BookList.app */ = {isa = PBXFileReference; explicitFileType = wrapper.application; includeInIndex = 0; path = BookList.app; sourceTree = BUILT_PRODUCTS_DIR; };
		BDA938A0210D79480090D97D /* AppDelegate.swift */ = {isa = PBXFileReference; lastKnownFileType = sourcecode.swift; path = AppDelegate.swift; sourceTree = "<group>"; };
		BDA938A2210D79480090D97D /* EditViewController.swift */ = {isa = PBXFileReference; lastKnownFileType = sourcecode.swift; path = EditViewController.swift; sourceTree = "<group>"; };
		BDA938A5210D79480090D97D /* Base */ = {isa = PBXFileReference; lastKnownFileType = file.storyboard; name = Base; path = Base.lproj/Main.storyboard; sourceTree = "<group>"; };
		BDA938AA210D79490090D97D /* Assets.xcassets */ = {isa = PBXFileReference; lastKnownFileType = folder.assetcatalog; path = Assets.xcassets; sourceTree = "<group>"; };
		BDA938AD210D79490090D97D /* Base */ = {isa = PBXFileReference; lastKnownFileType = file.storyboard; name = Base; path = Base.lproj/LaunchScreen.storyboard; sourceTree = "<group>"; };
		BDA938AF210D79490090D97D /* Info.plist */ = {isa = PBXFileReference; lastKnownFileType = text.plist.xml; path = Info.plist; sourceTree = "<group>"; };
		BDB120FA212CE8EE003D7467 /* DetailsViewController.swift */ = {isa = PBXFileReference; lastKnownFileType = sourcecode.swift; path = DetailsViewController.swift; sourceTree = "<group>"; };
		BDB120FC212CE95D003D7467 /* MasterTableViewController.swift */ = {isa = PBXFileReference; lastKnownFileType = sourcecode.swift; path = MasterTableViewController.swift; sourceTree = "<group>"; };
		BDB655662118A8FB00C88428 /* AddViewController.swift */ = {isa = PBXFileReference; lastKnownFileType = sourcecode.swift; path = AddViewController.swift; sourceTree = "<group>"; };
		BDBE027F212F11B4007038BA /* BookList.xcdatamodel */ = {isa = PBXFileReference; lastKnownFileType = wrapper.xcdatamodel; path = BookList.xcdatamodel; sourceTree = "<group>"; };
		BDBE0281212F1CC4007038BA /* Picker.swift */ = {isa = PBXFileReference; lastKnownFileType = sourcecode.swift; path = Picker.swift; sourceTree = "<group>"; };
		BDBE0283212F21AE007038BA /* Float+Rounding.swift */ = {isa = PBXFileReference; lastKnownFileType = sourcecode.swift; path = "Float+Rounding.swift"; sourceTree = "<group>"; };
/* End PBXFileReference section */

/* Begin PBXFrameworksBuildPhase section */
		BDA9389A210D79480090D97D /* Frameworks */ = {
			isa = PBXFrameworksBuildPhase;
			buildActionMask = 2147483647;
			files = (
			);
			runOnlyForDeploymentPostprocessing = 0;
		};
/* End PBXFrameworksBuildPhase section */

/* Begin PBXGroup section */
		BDA93894210D79480090D97D = {
			isa = PBXGroup;
			children = (
				BDA9389F210D79480090D97D /* BookList */,
				BDA9389E210D79480090D97D /* Products */,
			);
			sourceTree = "<group>";
		};
		BDA9389E210D79480090D97D /* Products */ = {
			isa = PBXGroup;
			children = (
				BDA9389D210D79480090D97D /* BookList.app */,
			);
			name = Products;
			sourceTree = "<group>";
		};
		BDA9389F210D79480090D97D /* BookList */ = {
			isa = PBXGroup;
			children = (
				BDB655682118A90900C88428 /* Controller */,
				BDB655692118AADE00C88428 /* View */,
				BDA938AA210D79490090D97D /* Assets.xcassets */,
				BDA938AF210D79490090D97D /* Info.plist */,
				BDB12100212CED3D003D7467 /* Model */,
			);
			path = BookList;
			sourceTree = "<group>";
		};
		BDB12100212CED3D003D7467 /* Model */ = {
			isa = PBXGroup;
			children = (
				BDBE027E212F11B4007038BA /* BookList.xcdatamodeld */,
			);
			path = Model;
			sourceTree = "<group>";
		};
		BDB655682118A90900C88428 /* Controller */ = {
			isa = PBXGroup;
			children = (
				BDB120FC212CE95D003D7467 /* MasterTableViewController.swift */,
				BDA938A0210D79480090D97D /* AppDelegate.swift */,
				BDA938A2210D79480090D97D /* EditViewController.swift */,
				BDB120FA212CE8EE003D7467 /* DetailsViewController.swift */,
				BDB655662118A8FB00C88428 /* AddViewController.swift */,
				BDBE0283212F21AE007038BA /* Float+Rounding.swift */,
			);
			path = Controller;
			sourceTree = "<group>";
		};
		BDB655692118AADE00C88428 /* View */ = {
			isa = PBXGroup;
			children = (
				BDA938A4210D79480090D97D /* Main.storyboard */,
				BDA938AC210D79490090D97D /* LaunchScreen.storyboard */,
				BDBE0281212F1CC4007038BA /* Picker.swift */,
			);
			path = View;
			sourceTree = "<group>";
		};
/* End PBXGroup section */

/* Begin PBXNativeTarget section */
		BDA9389C210D79480090D97D /* BookList */ = {
			isa = PBXNativeTarget;
			buildConfigurationList = BDA938B2210D79490090D97D /* Build configuration list for PBXNativeTarget "BookList" */;
			buildPhases = (
				BDA93899210D79480090D97D /* Sources */,
				BDA9389A210D79480090D97D /* Frameworks */,
				BDA9389B210D79480090D97D /* Resources */,
			);
			buildRules = (
			);
			dependencies = (
			);
			name = BookList;
			productName = BookList;
			productReference = BDA9389D210D79480090D97D /* BookList.app */;
			productType = "com.apple.product-type.application";
		};
/* End PBXNativeTarget section */

/* Begin PBXProject section */
		BDA93895210D79480090D97D /* Project object */ = {
			isa = PBXProject;
			attributes = {
				LastSwiftUpdateCheck = 0940;
				LastUpgradeCheck = 0940;
				ORGANIZATIONNAME = "Wei Lun";
				TargetAttributes = {
					BDA9389C210D79480090D97D = {
						CreatedOnToolsVersion = 9.4.1;
					};
				};
			};
			buildConfigurationList = BDA93898210D79480090D97D /* Build configuration list for PBXProject "BookList" */;
			compatibilityVersion = "Xcode 9.3";
			developmentRegion = en;
			hasScannedForEncodings = 0;
			knownRegions = (
				en,
				Base,
			);
			mainGroup = BDA93894210D79480090D97D;
			productRefGroup = BDA9389E210D79480090D97D /* Products */;
			projectDirPath = "";
			projectRoot = "";
			targets = (
				BDA9389C210D79480090D97D /* BookList */,
			);
		};
/* End PBXProject section */

/* Begin PBXResourcesBuildPhase section */
		BDA9389B210D79480090D97D /* Resources */ = {
			isa = PBXResourcesBuildPhase;
			buildActionMask = 2147483647;
			files = (
				BDA938AE210D79490090D97D /* LaunchScreen.storyboard in Resources */,
				BDA938AB210D79490090D97D /* Assets.xcassets in Resources */,
				BDA938A6210D79480090D97D /* Main.storyboard in Resources */,
			);
			runOnlyForDeploymentPostprocessing = 0;
		};
/* End PBXResourcesBuildPhase section */

/* Begin PBXSourcesBuildPhase section */
		BDA93899210D79480090D97D /* Sources */ = {
			isa = PBXSourcesBuildPhase;
			buildActionMask = 2147483647;
			files = (
				BDA938A3210D79480090D97D /* EditViewController.swift in Sources */,
				BDB120FD212CE95D003D7467 /* MasterTableViewController.swift in Sources */,
				BDBE0282212F1CC4007038BA /* Picker.swift in Sources */,
				BDA938A1210D79480090D97D /* AppDelegate.swift in Sources */,
				BDBE0280212F11B4007038BA /* BookList.xcdatamodeld in Sources */,
				BDB655672118A8FB00C88428 /* AddViewController.swift in Sources */,
				BDBE0284212F21AE007038BA /* Float+Rounding.swift in Sources */,
				BDB120FB212CE8EE003D7467 /* DetailsViewController.swift in Sources */,
			);
			runOnlyForDeploymentPostprocessing = 0;
		};
/* End PBXSourcesBuildPhase section */

/* Begin PBXVariantGroup section */
		BDA938A4210D79480090D97D /* Main.storyboard */ = {
			isa = PBXVariantGroup;
			children = (
				BDA938A5210D79480090D97D /* Base */,
			);
			name = Main.storyboard;
			sourceTree = "<group>";
		};
		BDA938AC210D79490090D97D /* LaunchScreen.storyboard */ = {
			isa = PBXVariantGroup;
			children = (
				BDA938AD210D79490090D97D /* Base */,
			);
			name = LaunchScreen.storyboard;
			sourceTree = "<group>";
		};
/* End PBXVariantGroup section */

/* Begin XCBuildConfiguration section */
		BDA938B0210D79490090D97D /* Debug */ = {
			isa = XCBuildConfiguration;
			buildSettings = {
				ALWAYS_SEARCH_USER_PATHS = NO;
				CLANG_ANALYZER_NONNULL = YES;
				CLANG_ANALYZER_NUMBER_OBJECT_CONVERSION = YES_AGGRESSIVE;
				CLANG_CXX_LANGUAGE_STANDARD = "gnu++14";
				CLANG_CXX_LIBRARY = "libc++";
				CLANG_ENABLE_MODULES = YES;
				CLANG_ENABLE_OBJC_ARC = YES;
				CLANG_ENABLE_OBJC_WEAK = YES;
				CLANG_WARN_BLOCK_CAPTURE_AUTORELEASING = YES;
				CLANG_WARN_BOOL_CONVERSION = YES;
				CLANG_WARN_COMMA = YES;
				CLANG_WARN_CONSTANT_CONVERSION = YES;
				CLANG_WARN_DEPRECATED_OBJC_IMPLEMENTATIONS = YES;
				CLANG_WARN_DIRECT_OBJC_ISA_USAGE = YES_ERROR;
				CLANG_WARN_DOCUMENTATION_COMMENTS = YES;
				CLANG_WARN_EMPTY_BODY = YES;
				CLANG_WARN_ENUM_CONVERSION = YES;
				CLANG_WARN_INFINITE_RECURSION = YES;
				CLANG_WARN_INT_CONVERSION = YES;
				CLANG_WARN_NON_LITERAL_NULL_CONVERSION = YES;
				CLANG_WARN_OBJC_IMPLICIT_RETAIN_SELF = YES;
				CLANG_WARN_OBJC_LITERAL_CONVERSION = YES;
				CLANG_WARN_OBJC_ROOT_CLASS = YES_ERROR;
				CLANG_WARN_RANGE_LOOP_ANALYSIS = YES;
				CLANG_WARN_STRICT_PROTOTYPES = YES;
				CLANG_WARN_SUSPICIOUS_MOVE = YES;
				CLANG_WARN_UNGUARDED_AVAILABILITY = YES_AGGRESSIVE;
				CLANG_WARN_UNREACHABLE_CODE = YES;
				CLANG_WARN__DUPLICATE_METHOD_MATCH = YES;
				CODE_SIGN_IDENTITY = "iPhone Developer";
				COPY_PHASE_STRIP = NO;
				DEBUG_INFORMATION_FORMAT = dwarf;
				ENABLE_STRICT_OBJC_MSGSEND = YES;
				ENABLE_TESTABILITY = YES;
				GCC_C_LANGUAGE_STANDARD = gnu11;
				GCC_DYNAMIC_NO_PIC = NO;
				GCC_NO_COMMON_BLOCKS = YES;
				GCC_OPTIMIZATION_LEVEL = 0;
				GCC_PREPROCESSOR_DEFINITIONS = (
					"DEBUG=1",
					"$(inherited)",
				);
				GCC_WARN_64_TO_32_BIT_CONVERSION = YES;
				GCC_WARN_ABOUT_RETURN_TYPE = YES_ERROR;
				GCC_WARN_UNDECLARED_SELECTOR = YES;
				GCC_WARN_UNINITIALIZED_AUTOS = YES_AGGRESSIVE;
				GCC_WARN_UNUSED_FUNCTION = YES;
				GCC_WARN_UNUSED_VARIABLE = YES;
				IPHONEOS_DEPLOYMENT_TARGET = 11.4;
				MTL_ENABLE_DEBUG_INFO = YES;
				ONLY_ACTIVE_ARCH = YES;
				SDKROOT = iphoneos;
				SWIFT_ACTIVE_COMPILATION_CONDITIONS = DEBUG;
				SWIFT_OPTIMIZATION_LEVEL = "-Onone";
			};
			name = Debug;
		};
		BDA938B1210D79490090D97D /* Release */ = {
			isa = XCBuildConfiguration;
			buildSettings = {
				ALWAYS_SEARCH_USER_PATHS = NO;
				CLANG_ANALYZER_NONNULL = YES;
				CLANG_ANALYZER_NUMBER_OBJECT_CONVERSION = YES_AGGRESSIVE;
				CLANG_CXX_LANGUAGE_STANDARD = "gnu++14";
				CLANG_CXX_LIBRARY = "libc++";
				CLANG_ENABLE_MODULES = YES;
				CLANG_ENABLE_OBJC_ARC = YES;
				CLANG_ENABLE_OBJC_WEAK = YES;
				CLANG_WARN_BLOCK_CAPTURE_AUTORELEASING = YES;
				CLANG_WARN_BOOL_CONVERSION = YES;
				CLANG_WARN_COMMA = YES;
				CLANG_WARN_CONSTANT_CONVERSION = YES;
				CLANG_WARN_DEPRECATED_OBJC_IMPLEMENTATIONS = YES;
				CLANG_WARN_DIRECT_OBJC_ISA_USAGE = YES_ERROR;
				CLANG_WARN_DOCUMENTATION_COMMENTS = YES;
				CLANG_WARN_EMPTY_BODY = YES;
				CLANG_WARN_ENUM_CONVERSION = YES;
				CLANG_WARN_INFINITE_RECURSION = YES;
				CLANG_WARN_INT_CONVERSION = YES;
				CLANG_WARN_NON_LITERAL_NULL_CONVERSION = YES;
				CLANG_WARN_OBJC_IMPLICIT_RETAIN_SELF = YES;
				CLANG_WARN_OBJC_LITERAL_CONVERSION = YES;
				CLANG_WARN_OBJC_ROOT_CLASS = YES_ERROR;
				CLANG_WARN_RANGE_LOOP_ANALYSIS = YES;
				CLANG_WARN_STRICT_PROTOTYPES = YES;
				CLANG_WARN_SUSPICIOUS_MOVE = YES;
				CLANG_WARN_UNGUARDED_AVAILABILITY = YES_AGGRESSIVE;
				CLANG_WARN_UNREACHABLE_CODE = YES;
				CLANG_WARN__DUPLICATE_METHOD_MATCH = YES;
				CODE_SIGN_IDENTITY = "iPhone Developer";
				COPY_PHASE_STRIP = NO;
				DEBUG_INFORMATION_FORMAT = "dwarf-with-dsym";
				ENABLE_NS_ASSERTIONS = NO;
				ENABLE_STRICT_OBJC_MSGSEND = YES;
				GCC_C_LANGUAGE_STANDARD = gnu11;
				GCC_NO_COMMON_BLOCKS = YES;
				GCC_WARN_64_TO_32_BIT_CONVERSION = YES;
				GCC_WARN_ABOUT_RETURN_TYPE = YES_ERROR;
				GCC_WARN_UNDECLARED_SELECTOR = YES;
				GCC_WARN_UNINITIALIZED_AUTOS = YES_AGGRESSIVE;
				GCC_WARN_UNUSED_FUNCTION = YES;
				GCC_WARN_UNUSED_VARIABLE = YES;
				IPHONEOS_DEPLOYMENT_TARGET = 11.4;
				MTL_ENABLE_DEBUG_INFO = NO;
				SDKROOT = iphoneos;
				SWIFT_COMPILATION_MODE = wholemodule;
				SWIFT_OPTIMIZATION_LEVEL = "-O";
				VALIDATE_PRODUCT = YES;
			};
			name = Release;
		};
		BDA938B3210D79490090D97D /* Debug */ = {
			isa = XCBuildConfiguration;
			buildSettings = {
				ASSETCATALOG_COMPILER_APPICON_NAME = AppIcon;
				CODE_SIGN_STYLE = Automatic;
				INFOPLIST_FILE = BookList/Info.plist;
				LD_RUNPATH_SEARCH_PATHS = (
					"$(inherited)",
					"@executable_path/Frameworks",
				);
				PRODUCT_BUNDLE_IDENTIFIER = com.example.BookList;
				PRODUCT_NAME = "$(TARGET_NAME)";
				SWIFT_VERSION = 4.0;
				TARGETED_DEVICE_FAMILY = 1;
			};
			name = Debug;
		};
		BDA938B4210D79490090D97D /* Release */ = {
			isa = XCBuildConfiguration;
			buildSettings = {
				ASSETCATALOG_COMPILER_APPICON_NAME = AppIcon;
				CODE_SIGN_STYLE = Automatic;
				INFOPLIST_FILE = BookList/Info.plist;
				LD_RUNPATH_SEARCH_PATHS = (
					"$(inherited)",
					"@executable_path/Frameworks",
				);
				PRODUCT_BUNDLE_IDENTIFIER = com.example.BookList;
				PRODUCT_NAME = "$(TARGET_NAME)";
				SWIFT_VERSION = 4.0;
				TARGETED_DEVICE_FAMILY = 1;
			};
			name = Release;
		};
/* End XCBuildConfiguration section */

/* Begin XCConfigurationList section */
		BDA93898210D79480090D97D /* Build configuration list for PBXProject "BookList" */ = {
			isa = XCConfigurationList;
			buildConfigurations = (
				BDA938B0210D79490090D97D /* Debug */,
				BDA938B1210D79490090D97D /* Release */,
			);
			defaultConfigurationIsVisible = 0;
			defaultConfigurationName = Release;
		};
		BDA938B2210D79490090D97D /* Build configuration list for PBXNativeTarget "BookList" */ = {
			isa = XCConfigurationList;
			buildConfigurations = (
				BDA938B3210D79490090D97D /* Debug */,
				BDA938B4210D79490090D97D /* Release */,
			);
			defaultConfigurationIsVisible = 0;
			defaultConfigurationName = Release;
		};
/* End XCConfigurationList section */

/* Begin XCVersionGroup section */
		BDBE027E212F11B4007038BA /* BookList.xcdatamodeld */ = {
			isa = XCVersionGroup;
			children = (
				BDBE027F212F11B4007038BA /* BookList.xcdatamodel */,
			);
			currentVersion = BDBE027F212F11B4007038BA /* BookList.xcdatamodel */;
			path = BookList.xcdatamodeld;
			sourceTree = "<group>";
			versionGroupType = wrapper.xcdatamodel;
		};
/* End XCVersionGroup section */
	};
	rootObject = BDA93895210D79480090D97D /* Project object */;
}
